// !$*UTF8*$!
{
	archiveVersion = 1;
	classes = {
	};
	objectVersion = 56;
	objects = {

/* Begin PBXBuildFile section */
		6859BC7F2BEDA77700EFCB20 /* Recipie_RouletteApp.swift in Sources */ = {isa = PBXBuildFile; fileRef = 6859BC7E2BEDA77700EFCB20 /* Recipie_RouletteApp.swift */; };
		6859BC812BEDA77700EFCB20 /* ContentView.swift in Sources */ = {isa = PBXBuildFile; fileRef = 6859BC802BEDA77700EFCB20 /* ContentView.swift */; };
		6859BC832BEDA77A00EFCB20 /* Assets.xcassets in Resources */ = {isa = PBXBuildFile; fileRef = 6859BC822BEDA77A00EFCB20 /* Assets.xcassets */; };
		6859BC862BEDA77A00EFCB20 /* Preview Assets.xcassets in Resources */ = {isa = PBXBuildFile; fileRef = 6859BC852BEDA77A00EFCB20 /* Preview Assets.xcassets */; };
		6859BC902BEDA77A00EFCB20 /* Recipie_RouletteTests.swift in Sources */ = {isa = PBXBuildFile; fileRef = 6859BC8F2BEDA77A00EFCB20 /* Recipie_RouletteTests.swift */; };
		6859BC9A2BEDA77A00EFCB20 /* Recipie_RouletteUITests.swift in Sources */ = {isa = PBXBuildFile; fileRef = 6859BC992BEDA77A00EFCB20 /* Recipie_RouletteUITests.swift */; };
		6859BC9C2BEDA77A00EFCB20 /* Recipie_RouletteUITestsLaunchTests.swift in Sources */ = {isa = PBXBuildFile; fileRef = 6859BC9B2BEDA77A00EFCB20 /* Recipie_RouletteUITestsLaunchTests.swift */; };
		6859BCA92BEDD41C00EFCB20 /* Launch Screen.storyboard in Resources */ = {isa = PBXBuildFile; fileRef = 6859BCA82BEDD41B00EFCB20 /* Launch Screen.storyboard */; };
/* End PBXBuildFile section */

/* Begin PBXContainerItemProxy section */
		6859BC8C2BEDA77A00EFCB20 /* PBXContainerItemProxy */ = {
			isa = PBXContainerItemProxy;
			containerPortal = 6859BC732BEDA77700EFCB20 /* Project object */;
			proxyType = 1;
			remoteGlobalIDString = 6859BC7A2BEDA77700EFCB20;
			remoteInfo = "Recipie Roulette";
		};
		6859BC962BEDA77A00EFCB20 /* PBXContainerItemProxy */ = {
			isa = PBXContainerItemProxy;
			containerPortal = 6859BC732BEDA77700EFCB20 /* Project object */;
			proxyType = 1;
			remoteGlobalIDString = 6859BC7A2BEDA77700EFCB20;
			remoteInfo = "Recipie Roulette";
		};
/* End PBXContainerItemProxy section */

/* Begin PBXFileReference section */
		6859BC7B2BEDA77700EFCB20 /* Recipie Roulette.app */ = {isa = PBXFileReference; explicitFileType = wrapper.application; includeInIndex = 0; path = "Recipie Roulette.app"; sourceTree = BUILT_PRODUCTS_DIR; };
		6859BC7E2BEDA77700EFCB20 /* Recipie_RouletteApp.swift */ = {isa = PBXFileReference; lastKnownFileType = sourcecode.swift; path = Recipie_RouletteApp.swift; sourceTree = "<group>"; };
		6859BC802BEDA77700EFCB20 /* ContentView.swift */ = {isa = PBXFileReference; lastKnownFileType = sourcecode.swift; path = ContentView.swift; sourceTree = "<group>"; };
		6859BC822BEDA77A00EFCB20 /* Assets.xcassets */ = {isa = PBXFileReference; lastKnownFileType = folder.assetcatalog; path = Assets.xcassets; sourceTree = "<group>"; };
		6859BC852BEDA77A00EFCB20 /* Preview Assets.xcassets */ = {isa = PBXFileReference; lastKnownFileType = folder.assetcatalog; path = "Preview Assets.xcassets"; sourceTree = "<group>"; };
		6859BC8B2BEDA77A00EFCB20 /* Recipie RouletteTests.xctest */ = {isa = PBXFileReference; explicitFileType = wrapper.cfbundle; includeInIndex = 0; path = "Recipie RouletteTests.xctest"; sourceTree = BUILT_PRODUCTS_DIR; };
		6859BC8F2BEDA77A00EFCB20 /* Recipie_RouletteTests.swift */ = {isa = PBXFileReference; lastKnownFileType = sourcecode.swift; path = Recipie_RouletteTests.swift; sourceTree = "<group>"; };
		6859BC952BEDA77A00EFCB20 /* Recipie RouletteUITests.xctest */ = {isa = PBXFileReference; explicitFileType = wrapper.cfbundle; includeInIndex = 0; path = "Recipie RouletteUITests.xctest"; sourceTree = BUILT_PRODUCTS_DIR; };
		6859BC992BEDA77A00EFCB20 /* Recipie_RouletteUITests.swift */ = {isa = PBXFileReference; lastKnownFileType = sourcecode.swift; path = Recipie_RouletteUITests.swift; sourceTree = "<group>"; };
		6859BC9B2BEDA77A00EFCB20 /* Recipie_RouletteUITestsLaunchTests.swift */ = {isa = PBXFileReference; lastKnownFileType = sourcecode.swift; path = Recipie_RouletteUITestsLaunchTests.swift; sourceTree = "<group>"; };
		6859BCA82BEDD41B00EFCB20 /* Launch Screen.storyboard */ = {isa = PBXFileReference; lastKnownFileType = file.storyboard; path = "Launch Screen.storyboard"; sourceTree = "<group>"; };
/* End PBXFileReference section */

/* Begin PBXFrameworksBuildPhase section */
		6859BC782BEDA77700EFCB20 /* Frameworks */ = {
			isa = PBXFrameworksBuildPhase;
			buildActionMask = 2147483647;
			files = (
			);
			runOnlyForDeploymentPostprocessing = 0;
		};
		6859BC882BEDA77A00EFCB20 /* Frameworks */ = {
			isa = PBXFrameworksBuildPhase;
			buildActionMask = 2147483647;
			files = (
			);
			runOnlyForDeploymentPostprocessing = 0;
		};
		6859BC922BEDA77A00EFCB20 /* Frameworks */ = {
			isa = PBXFrameworksBuildPhase;
			buildActionMask = 2147483647;
			files = (
			);
			runOnlyForDeploymentPostprocessing = 0;
		};
/* End PBXFrameworksBuildPhase section */

/* Begin PBXGroup section */
		6859BC722BEDA77700EFCB20 = {
			isa = PBXGroup;
			children = (
				6859BC7D2BEDA77700EFCB20 /* Recipie Roulette */,
				6859BC8E2BEDA77A00EFCB20 /* Recipie RouletteTests */,
				6859BC982BEDA77A00EFCB20 /* Recipie RouletteUITests */,
				6859BC7C2BEDA77700EFCB20 /* Products */,
			);
			sourceTree = "<group>";
		};
		6859BC7C2BEDA77700EFCB20 /* Products */ = {
			isa = PBXGroup;
			children = (
				6859BC7B2BEDA77700EFCB20 /* Recipie Roulette.app */,
				6859BC8B2BEDA77A00EFCB20 /* Recipie RouletteTests.xctest */,
				6859BC952BEDA77A00EFCB20 /* Recipie RouletteUITests.xctest */,
			);
			name = Products;
			sourceTree = "<group>";
		};
		6859BC7D2BEDA77700EFCB20 /* Recipie Roulette */ = {
			isa = PBXGroup;
			children = (
				6859BC7E2BEDA77700EFCB20 /* Recipie_RouletteApp.swift */,
				6859BC802BEDA77700EFCB20 /* ContentView.swift */,
				6859BC822BEDA77A00EFCB20 /* Assets.xcassets */,
				6859BCA82BEDD41B00EFCB20 /* Launch Screen.storyboard */,
				6859BC842BEDA77A00EFCB20 /* Preview Content */,
			);
			path = "Recipie Roulette";
			sourceTree = "<group>";
		};
		6859BC842BEDA77A00EFCB20 /* Preview Content */ = {
			isa = PBXGroup;
			children = (
				6859BC852BEDA77A00EFCB20 /* Preview Assets.xcassets */,
			);
			path = "Preview Content";
			sourceTree = "<group>";
		};
		6859BC8E2BEDA77A00EFCB20 /* Recipie RouletteTests */ = {
			isa = PBXGroup;
			children = (
				6859BC8F2BEDA77A00EFCB20 /* Recipie_RouletteTests.swift */,
			);
			path = "Recipie RouletteTests";
			sourceTree = "<group>";
		};
		6859BC982BEDA77A00EFCB20 /* Recipie RouletteUITests */ = {
			isa = PBXGroup;
			children = (
				6859BC992BEDA77A00EFCB20 /* Recipie_RouletteUITests.swift */,
				6859BC9B2BEDA77A00EFCB20 /* Recipie_RouletteUITestsLaunchTests.swift */,
			);
			path = "Recipie RouletteUITests";
			sourceTree = "<group>";
		};
/* End PBXGroup section */

/* Begin PBXNativeTarget section */
		6859BC7A2BEDA77700EFCB20 /* Recipie Roulette */ = {
			isa = PBXNativeTarget;
			buildConfigurationList = 6859BC9F2BEDA77A00EFCB20 /* Build configuration list for PBXNativeTarget "Recipie Roulette" */;
			buildPhases = (
				6859BC772BEDA77700EFCB20 /* Sources */,
				6859BC782BEDA77700EFCB20 /* Frameworks */,
				6859BC792BEDA77700EFCB20 /* Resources */,
			);
			buildRules = (
			);
			dependencies = (
			);
			name = "Recipie Roulette";
			productName = "Recipie Roulette";
			productReference = 6859BC7B2BEDA77700EFCB20 /* Recipie Roulette.app */;
			productType = "com.apple.product-type.application";
		};
		6859BC8A2BEDA77A00EFCB20 /* Recipie RouletteTests */ = {
			isa = PBXNativeTarget;
			buildConfigurationList = 6859BCA22BEDA77A00EFCB20 /* Build configuration list for PBXNativeTarget "Recipie RouletteTests" */;
			buildPhases = (
				6859BC872BEDA77A00EFCB20 /* Sources */,
				6859BC882BEDA77A00EFCB20 /* Frameworks */,
				6859BC892BEDA77A00EFCB20 /* Resources */,
			);
			buildRules = (
			);
			dependencies = (
				6859BC8D2BEDA77A00EFCB20 /* PBXTargetDependency */,
			);
			name = "Recipie RouletteTests";
			productName = "Recipie RouletteTests";
			productReference = 6859BC8B2BEDA77A00EFCB20 /* Recipie RouletteTests.xctest */;
			productType = "com.apple.product-type.bundle.unit-test";
		};
		6859BC942BEDA77A00EFCB20 /* Recipie RouletteUITests */ = {
			isa = PBXNativeTarget;
			buildConfigurationList = 6859BCA52BEDA77A00EFCB20 /* Build configuration list for PBXNativeTarget "Recipie RouletteUITests" */;
			buildPhases = (
				6859BC912BEDA77A00EFCB20 /* Sources */,
				6859BC922BEDA77A00EFCB20 /* Frameworks */,
				6859BC932BEDA77A00EFCB20 /* Resources */,
			);
			buildRules = (
			);
			dependencies = (
				6859BC972BEDA77A00EFCB20 /* PBXTargetDependency */,
			);
			name = "Recipie RouletteUITests";
			productName = "Recipie RouletteUITests";
			productReference = 6859BC952BEDA77A00EFCB20 /* Recipie RouletteUITests.xctest */;
			productType = "com.apple.product-type.bundle.ui-testing";
		};
/* End PBXNativeTarget section */

/* Begin PBXProject section */
		6859BC732BEDA77700EFCB20 /* Project object */ = {
			isa = PBXProject;
			attributes = {
				BuildIndependentTargetsInParallel = 1;
				LastSwiftUpdateCheck = 1420;
				LastUpgradeCheck = 1420;
				TargetAttributes = {
					6859BC7A2BEDA77700EFCB20 = {
						CreatedOnToolsVersion = 14.2;
					};
					6859BC8A2BEDA77A00EFCB20 = {
						CreatedOnToolsVersion = 14.2;
						TestTargetID = 6859BC7A2BEDA77700EFCB20;
					};
					6859BC942BEDA77A00EFCB20 = {
						CreatedOnToolsVersion = 14.2;
						TestTargetID = 6859BC7A2BEDA77700EFCB20;
					};
				};
			};
			buildConfigurationList = 6859BC762BEDA77700EFCB20 /* Build configuration list for PBXProject "Recipie Roulette" */;
			compatibilityVersion = "Xcode 14.0";
			developmentRegion = en;
			hasScannedForEncodings = 0;
			knownRegions = (
				en,
				Base,
			);
			mainGroup = 6859BC722BEDA77700EFCB20;
			productRefGroup = 6859BC7C2BEDA77700EFCB20 /* Products */;
			projectDirPath = "";
			projectRoot = "";
			targets = (
				6859BC7A2BEDA77700EFCB20 /* Recipie Roulette */,
				6859BC8A2BEDA77A00EFCB20 /* Recipie RouletteTests */,
				6859BC942BEDA77A00EFCB20 /* Recipie RouletteUITests */,
			);
		};
/* End PBXProject section */

/* Begin PBXResourcesBuildPhase section */
		6859BC792BEDA77700EFCB20 /* Resources */ = {
			isa = PBXResourcesBuildPhase;
			buildActionMask = 2147483647;
			files = (
				6859BCA92BEDD41C00EFCB20 /* Launch Screen.storyboard in Resources */,
				6859BC862BEDA77A00EFCB20 /* Preview Assets.xcassets in Resources */,
				6859BC832BEDA77A00EFCB20 /* Assets.xcassets in Resources */,
			);
			runOnlyForDeploymentPostprocessing = 0;
		};
		6859BC892BEDA77A00EFCB20 /* Resources */ = {
			isa = PBXResourcesBuildPhase;
			buildActionMask = 2147483647;
			files = (
			);
			runOnlyForDeploymentPostprocessing = 0;
		};
		6859BC932BEDA77A00EFCB20 /* Resources */ = {
			isa = PBXResourcesBuildPhase;
			buildActionMask = 2147483647;
			files = (
			);
			runOnlyForDeploymentPostprocessing = 0;
		};
/* End PBXResourcesBuildPhase section */

/* Begin PBXSourcesBuildPhase section */
		6859BC772BEDA77700EFCB20 /* Sources */ = {
			isa = PBXSourcesBuildPhase;
			buildActionMask = 2147483647;
			files = (
				6859BC812BEDA77700EFCB20 /* ContentView.swift in Sources */,
				6859BC7F2BEDA77700EFCB20 /* Recipie_RouletteApp.swift in Sources */,
			);
			runOnlyForDeploymentPostprocessing = 0;
		};
		6859BC872BEDA77A00EFCB20 /* Sources */ = {
			isa = PBXSourcesBuildPhase;
			buildActionMask = 2147483647;
			files = (
				6859BC902BEDA77A00EFCB20 /* Recipie_RouletteTests.swift in Sources */,
			);
			runOnlyForDeploymentPostprocessing = 0;
		};
		6859BC912BEDA77A00EFCB20 /* Sources */ = {
			isa = PBXSourcesBuildPhase;
			buildActionMask = 2147483647;
			files = (
				6859BC9C2BEDA77A00EFCB20 /* Recipie_RouletteUITestsLaunchTests.swift in Sources */,
				6859BC9A2BEDA77A00EFCB20 /* Recipie_RouletteUITests.swift in Sources */,
			);
			runOnlyForDeploymentPostprocessing = 0;
		};
/* End PBXSourcesBuildPhase section */

/* Begin PBXTargetDependency section */
		6859BC8D2BEDA77A00EFCB20 /* PBXTargetDependency */ = {
			isa = PBXTargetDependency;
			target = 6859BC7A2BEDA77700EFCB20 /* Recipie Roulette */;
			targetProxy = 6859BC8C2BEDA77A00EFCB20 /* PBXContainerItemProxy */;
		};
		6859BC972BEDA77A00EFCB20 /* PBXTargetDependency */ = {
			isa = PBXTargetDependency;
			target = 6859BC7A2BEDA77700EFCB20 /* Recipie Roulette */;
			targetProxy = 6859BC962BEDA77A00EFCB20 /* PBXContainerItemProxy */;
		};
/* End PBXTargetDependency section */

/* Begin XCBuildConfiguration section */
		6859BC9D2BEDA77A00EFCB20 /* Debug */ = {
			isa = XCBuildConfiguration;
			buildSettings = {
				ALWAYS_SEARCH_USER_PATHS = NO;
				CLANG_ANALYZER_NONNULL = YES;
				CLANG_ANALYZER_NUMBER_OBJECT_CONVERSION = YES_AGGRESSIVE;
				CLANG_CXX_LANGUAGE_STANDARD = "gnu++20";
				CLANG_ENABLE_MODULES = YES;
				CLANG_ENABLE_OBJC_ARC = YES;
				CLANG_ENABLE_OBJC_WEAK = YES;
				CLANG_WARN_BLOCK_CAPTURE_AUTORELEASING = YES;
				CLANG_WARN_BOOL_CONVERSION = YES;
				CLANG_WARN_COMMA = YES;
				CLANG_WARN_CONSTANT_CONVERSION = YES;
				CLANG_WARN_DEPRECATED_OBJC_IMPLEMENTATIONS = YES;
				CLANG_WARN_DIRECT_OBJC_ISA_USAGE = YES_ERROR;
				CLANG_WARN_DOCUMENTATION_COMMENTS = YES;
				CLANG_WARN_EMPTY_BODY = YES;
				CLANG_WARN_ENUM_CONVERSION = YES;
				CLANG_WARN_INFINITE_RECURSION = YES;
				CLANG_WARN_INT_CONVERSION = YES;
				CLANG_WARN_NON_LITERAL_NULL_CONVERSION = YES;
				CLANG_WARN_OBJC_IMPLICIT_RETAIN_SELF = YES;
				CLANG_WARN_OBJC_LITERAL_CONVERSION = YES;
				CLANG_WARN_OBJC_ROOT_CLASS = YES_ERROR;
				CLANG_WARN_QUOTED_INCLUDE_IN_FRAMEWORK_HEADER = YES;
				CLANG_WARN_RANGE_LOOP_ANALYSIS = YES;
				CLANG_WARN_STRICT_PROTOTYPES = YES;
				CLANG_WARN_SUSPICIOUS_MOVE = YES;
				CLANG_WARN_UNGUARDED_AVAILABILITY = YES_AGGRESSIVE;
				CLANG_WARN_UNREACHABLE_CODE = YES;
				CLANG_WARN__DUPLICATE_METHOD_MATCH = YES;
				COPY_PHASE_STRIP = NO;
				DEBUG_INFORMATION_FORMAT = dwarf;
				ENABLE_STRICT_OBJC_MSGSEND = YES;
				ENABLE_TESTABILITY = YES;
				GCC_C_LANGUAGE_STANDARD = gnu11;
				GCC_DYNAMIC_NO_PIC = NO;
				GCC_NO_COMMON_BLOCKS = YES;
				GCC_OPTIMIZATION_LEVEL = 0;
				GCC_PREPROCESSOR_DEFINITIONS = (
					"DEBUG=1",
					"$(inherited)",
				);
				GCC_WARN_64_TO_32_BIT_CONVERSION = YES;
				GCC_WARN_ABOUT_RETURN_TYPE = YES_ERROR;
				GCC_WARN_UNDECLARED_SELECTOR = YES;
				GCC_WARN_UNINITIALIZED_AUTOS = YES_AGGRESSIVE;
				GCC_WARN_UNUSED_FUNCTION = YES;
				GCC_WARN_UNUSED_VARIABLE = YES;
				IPHONEOS_DEPLOYMENT_TARGET = 16.2;
				MTL_ENABLE_DEBUG_INFO = INCLUDE_SOURCE;
				MTL_FAST_MATH = YES;
				ONLY_ACTIVE_ARCH = YES;
				SDKROOT = iphoneos;
				SWIFT_ACTIVE_COMPILATION_CONDITIONS = DEBUG;
				SWIFT_OPTIMIZATION_LEVEL = "-Onone";
			};
			name = Debug;
		};
		6859BC9E2BEDA77A00EFCB20 /* Release */ = {
			isa = XCBuildConfiguration;
			buildSettings = {
				ALWAYS_SEARCH_USER_PATHS = NO;
				CLANG_ANALYZER_NONNULL = YES;
				CLANG_ANALYZER_NUMBER_OBJECT_CONVERSION = YES_AGGRESSIVE;
				CLANG_CXX_LANGUAGE_STANDARD = "gnu++20";
				CLANG_ENABLE_MODULES = YES;
				CLANG_ENABLE_OBJC_ARC = YES;
				CLANG_ENABLE_OBJC_WEAK = YES;
				CLANG_WARN_BLOCK_CAPTURE_AUTORELEASING = YES;
				CLANG_WARN_BOOL_CONVERSION = YES;
				CLANG_WARN_COMMA = YES;
				CLANG_WARN_CONSTANT_CONVERSION = YES;
				CLANG_WARN_DEPRECATED_OBJC_IMPLEMENTATIONS = YES;
				CLANG_WARN_DIRECT_OBJC_ISA_USAGE = YES_ERROR;
				CLANG_WARN_DOCUMENTATION_COMMENTS = YES;
				CLANG_WARN_EMPTY_BODY = YES;
				CLANG_WARN_ENUM_CONVERSION = YES;
				CLANG_WARN_INFINITE_RECURSION = YES;
				CLANG_WARN_INT_CONVERSION = YES;
				CLANG_WARN_NON_LITERAL_NULL_CONVERSION = YES;
				CLANG_WARN_OBJC_IMPLICIT_RETAIN_SELF = YES;
				CLANG_WARN_OBJC_LITERAL_CONVERSION = YES;
				CLANG_WARN_OBJC_ROOT_CLASS = YES_ERROR;
				CLANG_WARN_QUOTED_INCLUDE_IN_FRAMEWORK_HEADER = YES;
				CLANG_WARN_RANGE_LOOP_ANALYSIS = YES;
				CLANG_WARN_STRICT_PROTOTYPES = YES;
				CLANG_WARN_SUSPICIOUS_MOVE = YES;
				CLANG_WARN_UNGUARDED_AVAILABILITY = YES_AGGRESSIVE;
				CLANG_WARN_UNREACHABLE_CODE = YES;
				CLANG_WARN__DUPLICATE_METHOD_MATCH = YES;
				COPY_PHASE_STRIP = NO;
				DEBUG_INFORMATION_FORMAT = "dwarf-with-dsym";
				ENABLE_NS_ASSERTIONS = NO;
				ENABLE_STRICT_OBJC_MSGSEND = YES;
				GCC_C_LANGUAGE_STANDARD = gnu11;
				GCC_NO_COMMON_BLOCKS = YES;
				GCC_WARN_64_TO_32_BIT_CONVERSION = YES;
				GCC_WARN_ABOUT_RETURN_TYPE = YES_ERROR;
				GCC_WARN_UNDECLARED_SELECTOR = YES;
				GCC_WARN_UNINITIALIZED_AUTOS = YES_AGGRESSIVE;
				GCC_WARN_UNUSED_FUNCTION = YES;
				GCC_WARN_UNUSED_VARIABLE = YES;
				IPHONEOS_DEPLOYMENT_TARGET = 16.2;
				MTL_ENABLE_DEBUG_INFO = NO;
				MTL_FAST_MATH = YES;
				SDKROOT = iphoneos;
				SWIFT_COMPILATION_MODE = wholemodule;
				SWIFT_OPTIMIZATION_LEVEL = "-O";
				VALIDATE_PRODUCT = YES;
			};
			name = Release;
		};
		6859BCA02BEDA77A00EFCB20 /* Debug */ = {
			isa = XCBuildConfiguration;
			buildSettings = {
				ASSETCATALOG_COMPILER_APPICON_NAME = AppIcon;
				ASSETCATALOG_COMPILER_GLOBAL_ACCENT_COLOR_NAME = AccentColor;
				CODE_SIGN_STYLE = Automatic;
				CURRENT_PROJECT_VERSION = 1;
				DEVELOPMENT_ASSET_PATHS = "\"Recipie Roulette/Preview Content\"";
				ENABLE_PREVIEWS = YES;
				GENERATE_INFOPLIST_FILE = YES;
				INFOPLIST_KEY_UIApplicationSceneManifest_Generation = YES;
				INFOPLIST_KEY_UIApplicationSupportsIndirectInputEvents = YES;
				INFOPLIST_KEY_UILaunchScreen_Generation = YES;
				INFOPLIST_KEY_UILaunchStoryboardName = "Launch Screen.storyboard";
				INFOPLIST_KEY_UISupportedInterfaceOrientations_iPad = "UIInterfaceOrientationPortrait UIInterfaceOrientationPortraitUpsideDown UIInterfaceOrientationLandscapeLeft UIInterfaceOrientationLandscapeRight";
				INFOPLIST_KEY_UISupportedInterfaceOrientations_iPhone = "UIInterfaceOrientationPortrait UIInterfaceOrientationLandscapeLeft UIInterfaceOrientationLandscapeRight";
				LD_RUNPATH_SEARCH_PATHS = (
					"$(inherited)",
					"@executable_path/Frameworks",
				);
				MARKETING_VERSION = 1.0;
				PRODUCT_BUNDLE_IDENTIFIER = "Harish.Recipie-Roulette";
				PRODUCT_NAME = "$(TARGET_NAME)";
				SWIFT_EMIT_LOC_STRINGS = YES;
				SWIFT_VERSION = 5.0;
				TARGETED_DEVICE_FAMILY = "1,2";
			};
			name = Debug;
		};
		6859BCA12BEDA77A00EFCB20 /* Release */ = {
			isa = XCBuildConfiguration;
			buildSettings = {
				ASSETCATALOG_COMPILER_APPICON_NAME = AppIcon;
				ASSETCATALOG_COMPILER_GLOBAL_ACCENT_COLOR_NAME = AccentColor;
				CODE_SIGN_STYLE = Automatic;
				CURRENT_PROJECT_VERSION = 1;
				DEVELOPMENT_ASSET_PATHS = "\"Recipie Roulette/Preview Content\"";
				ENABLE_PREVIEWS = YES;
				GENERATE_INFOPLIST_FILE = YES;
				INFOPLIST_KEY_UIApplicationSceneManifest_Generation = YES;
				INFOPLIST_KEY_UIApplicationSupportsIndirectInputEvents = YES;
				INFOPLIST_KEY_UILaunchScreen_Generation = YES;
				INFOPLIST_KEY_UILaunchStoryboardName = "Launch Screen.storyboard";
				INFOPLIST_KEY_UISupportedInterfaceOrientations_iPad = "UIInterfaceOrientationPortrait UIInterfaceOrientationPortraitUpsideDown UIInterfaceOrientationLandscapeLeft UIInterfaceOrientationLandscapeRight";
				INFOPLIST_KEY_UISupportedInterfaceOrientations_iPhone = "UIInterfaceOrientationPortrait UIInterfaceOrientationLandscapeLeft UIInterfaceOrientationLandscapeRight";
				LD_RUNPATH_SEARCH_PATHS = (
					"$(inherited)",
					"@executable_path/Frameworks",
				);
				MARKETING_VERSION = 1.0;
				PRODUCT_BUNDLE_IDENTIFIER = "Harish.Recipie-Roulette";
				PRODUCT_NAME = "$(TARGET_NAME)";
				SWIFT_EMIT_LOC_STRINGS = YES;
				SWIFT_VERSION = 5.0;
				TARGETED_DEVICE_FAMILY = "1,2";
			};
			name = Release;
		};
		6859BCA32BEDA77A00EFCB20 /* Debug */ = {
			isa = XCBuildConfiguration;
			buildSettings = {
				ALWAYS_EMBED_SWIFT_STANDARD_LIBRARIES = YES;
				BUNDLE_LOADER = "$(TEST_HOST)";
				CODE_SIGN_STYLE = Automatic;
				CURRENT_PROJECT_VERSION = 1;
				GENERATE_INFOPLIST_FILE = YES;
				IPHONEOS_DEPLOYMENT_TARGET = 16.2;
				MARKETING_VERSION = 1.0;
				PRODUCT_BUNDLE_IDENTIFIER = "Harish.Recipie-RouletteTests";
				PRODUCT_NAME = "$(TARGET_NAME)";
				SWIFT_EMIT_LOC_STRINGS = NO;
				SWIFT_VERSION = 5.0;
				TARGETED_DEVICE_FAMILY = "1,2";
				TEST_HOST = "$(BUILT_PRODUCTS_DIR)/Recipie Roulette.app/$(BUNDLE_EXECUTABLE_FOLDER_PATH)/Recipie Roulette";
			};
			name = Debug;
		};
		6859BCA42BEDA77A00EFCB20 /* Release */ = {
			isa = XCBuildConfiguration;
			buildSettings = {
				ALWAYS_EMBED_SWIFT_STANDARD_LIBRARIES = YES;
				BUNDLE_LOADER = "$(TEST_HOST)";
				CODE_SIGN_STYLE = Automatic;
				CURRENT_PROJECT_VERSION = 1;
				GENERATE_INFOPLIST_FILE = YES;
				IPHONEOS_DEPLOYMENT_TARGET = 16.2;
				MARKETING_VERSION = 1.0;
				PRODUCT_BUNDLE_IDENTIFIER = "Harish.Recipie-RouletteTests";
				PRODUCT_NAME = "$(TARGET_NAME)";
				SWIFT_EMIT_LOC_STRINGS = NO;
				SWIFT_VERSION = 5.0;
				TARGETED_DEVICE_FAMILY = "1,2";
				TEST_HOST = "$(BUILT_PRODUCTS_DIR)/Recipie Roulette.app/$(BUNDLE_EXECUTABLE_FOLDER_PATH)/Recipie Roulette";
			};
			name = Release;
		};
		6859BCA62BEDA77A00EFCB20 /* Debug */ = {
			isa = XCBuildConfiguration;
			buildSettings = {
				ALWAYS_EMBED_SWIFT_STANDARD_LIBRARIES = YES;
				CODE_SIGN_STYLE = Automatic;
				CURRENT_PROJECT_VERSION = 1;
				GENERATE_INFOPLIST_FILE = YES;
				MARKETING_VERSION = 1.0;
				PRODUCT_BUNDLE_IDENTIFIER = "Harish.Recipie-RouletteUITests";
				PRODUCT_NAME = "$(TARGET_NAME)";
				SWIFT_EMIT_LOC_STRINGS = NO;
				SWIFT_VERSION = 5.0;
				TARGETED_DEVICE_FAMILY = "1,2";
				TEST_TARGET_NAME = "Recipie Roulette";
			};
			name = Debug;
		};
		6859BCA72BEDA77A00EFCB20 /* Release */ = {
			isa = XCBuildConfiguration;
			buildSettings = {
				ALWAYS_EMBED_SWIFT_STANDARD_LIBRARIES = YES;
				CODE_SIGN_STYLE = Automatic;
				CURRENT_PROJECT_VERSION = 1;
				GENERATE_INFOPLIST_FILE = YES;
				MARKETING_VERSION = 1.0;
				PRODUCT_BUNDLE_IDENTIFIER = "Harish.Recipie-RouletteUITests";
				PRODUCT_NAME = "$(TARGET_NAME)";
				SWIFT_EMIT_LOC_STRINGS = NO;
				SWIFT_VERSION = 5.0;
				TARGETED_DEVICE_FAMILY = "1,2";
				TEST_TARGET_NAME = "Recipie Roulette";
			};
			name = Release;
		};
/* End XCBuildConfiguration section */

/* Begin XCConfigurationList section */
		6859BC762BEDA77700EFCB20 /* Build configuration list for PBXProject "Recipie Roulette" */ = {
			isa = XCConfigurationList;
			buildConfigurations = (
				6859BC9D2BEDA77A00EFCB20 /* Debug */,
				6859BC9E2BEDA77A00EFCB20 /* Release */,
			);
			defaultConfigurationIsVisible = 0;
			defaultConfigurationName = Release;
		};
		6859BC9F2BEDA77A00EFCB20 /* Build configuration list for PBXNativeTarget "Recipie Roulette" */ = {
			isa = XCConfigurationList;
			buildConfigurations = (
				6859BCA02BEDA77A00EFCB20 /* Debug */,
				6859BCA12BEDA77A00EFCB20 /* Release */,
			);
			defaultConfigurationIsVisible = 0;
			defaultConfigurationName = Release;
		};
		6859BCA22BEDA77A00EFCB20 /* Build configuration list for PBXNativeTarget "Recipie RouletteTests" */ = {
			isa = XCConfigurationList;
			buildConfigurations = (
				6859BCA32BEDA77A00EFCB20 /* Debug */,
				6859BCA42BEDA77A00EFCB20 /* Release */,
			);
			defaultConfigurationIsVisible = 0;
			defaultConfigurationName = Release;
		};
		6859BCA52BEDA77A00EFCB20 /* Build configuration list for PBXNativeTarget "Recipie RouletteUITests" */ = {
			isa = XCConfigurationList;
			buildConfigurations = (
				6859BCA62BEDA77A00EFCB20 /* Debug */,
				6859BCA72BEDA77A00EFCB20 /* Release */,
			);
			defaultConfigurationIsVisible = 0;
			defaultConfigurationName = Release;
		};
/* End XCConfigurationList section */
	};
	rootObject = 6859BC732BEDA77700EFCB20 /* Project object */;
}
